
Microsoft Visual Studio Solution File, Format Version 12.00
# Visual Studio 14
VisualStudioVersion = 14.0.25420.1
MinimumVisualStudioVersion = 10.0.40219.1
Project("{FAE04EC0-301F-11D3-BF4B-00C04F79EFBC}") = "FutuExpress", "FutuExpress\FutuExpress.csproj", "{EF333FC3-2891-4037-AD4A-3FA829B64B20}"
EndProject
Project("{FAE04EC0-301F-11D3-BF4B-00C04F79EFBC}") = "FutuExpress.WebAPI", "FutuExpress.WebAPI\FutuExpress.WebAPI.csproj", "{92057546-3635-48FA-803A-40267DE5FF45}"
EndProject
Global
	GlobalSection(SolutionConfigurationPlatforms) = preSolution
		Debug|Any CPU = Debug|Any CPU
		Release|Any CPU = Release|Any CPU
	EndGlobalSection
	GlobalSection(ProjectConfigurationPlatforms) = postSolution
		{EF333FC3-2891-4037-AD4A-3FA829B64B20}.Debug|Any CPU.ActiveCfg = Debug|Any CPU
		{EF333FC3-2891-4037-AD4A-3FA829B64B20}.Debug|Any CPU.Build.0 = Debug|Any CPU
		{EF333FC3-2891-4037-AD4A-3FA829B64B20}.Release|Any CPU.ActiveCfg = Release|Any CPU
		{EF333FC3-2891-4037-AD4A-3FA829B64B20}.Release|Any CPU.Build.0 = Release|Any CPU
		{92057546-3635-48FA-803A-40267DE5FF45}.Debug|Any CPU.ActiveCfg = Debug|Any CPU
		{92057546-3635-48FA-803A-40267DE5FF45}.Debug|Any CPU.Build.0 = Debug|Any CPU
		{92057546-3635-48FA-803A-40267DE5FF45}.Release|Any CPU.ActiveCfg = Release|Any CPU
		{92057546-3635-48FA-803A-40267DE5FF45}.Release|Any CPU.Build.0 = Release|Any CPU
	EndGlobalSection
	GlobalSection(SolutionProperties) = preSolution
		HideSolutionNode = FALSE
	EndGlobalSection
EndGlobal
